
Microsoft Visual Studio Solution File, Format Version 12.00
# Visual Studio Version 17
VisualStudioVersion = 17.1.32414.318
MinimumVisualStudioVersion = 10.0.40219.1
Project("{FAE04EC0-301F-11D3-BF4B-00C04F79EFBC}") = "ProjectTest", "ProjectTest\ProjectTest.csproj", "{E4CDED36-2F0B-4382-94A3-2CAA76C5E5FC}"
EndProject
Global
	GlobalSection(SolutionConfigurationPlatforms) = preSolution
		Debug|Any CPU = Debug|Any CPU
		Release|Any CPU = Release|Any CPU
	EndGlobalSection
	GlobalSection(ProjectConfigurationPlatforms) = postSolution
		{E4CDED36-2F0B-4382-94A3-2CAA76C5E5FC}.Debug|Any CPU.ActiveCfg = Debug|Any CPU
		{E4CDED36-2F0B-4382-94A3-2CAA76C5E5FC}.Debug|Any CPU.Build.0 = Debug|Any CPU
		{E4CDED36-2F0B-4382-94A3-2CAA76C5E5FC}.Release|Any CPU.ActiveCfg = Release|Any CPU
		{E4CDED36-2F0B-4382-94A3-2CAA76C5E5FC}.Release|Any CPU.Build.0 = Release|Any CPU
	EndGlobalSection
	GlobalSection(SolutionProperties) = preSolution
		HideSolutionNode = FALSE
	EndGlobalSection
	GlobalSection(ExtensibilityGlobals) = postSolution
		SolutionGuid = {984BB109-3121-45B2-B647-719EDFD8BD92}
	EndGlobalSection
EndGlobal
